
Microsoft Visual Studio Solution File, Format Version 12.00
# Visual Studio 2013
VisualStudioVersion = 12.0.21005.1
MinimumVisualStudioVersion = 10.0.40219.1
Project("{2150E333-8FDC-42A3-9474-1A3956D46DE8}") = "Shared", "Shared", "{7A48B4A5-469A-448F-AF2C-E7B0FCEEE8A0}"
	ProjectSection(SolutionItems) = preProject
		Shared\DevScope.CascadeLookup.snk = Shared\DevScope.CascadeLookup.snk
	EndProjectSection
EndProject
Project("{FAE04EC0-301F-11D3-BF4B-00C04F79EFBC}") = "DevScope.CascadeLookup", "DevScope.CascadeLookup\DevScope.CascadeLookup.csproj", "{40851156-AF53-44CD-848B-2A0C2460687E}"
EndProject
Project("{FAE04EC0-301F-11D3-BF4B-00C04F79EFBC}") = "DevScope.CascadeLookup.Common", "DevScope.CascadeLookup.Common\DevScope.CascadeLookup.Common.csproj", "{7E0CB571-C3A5-4898-B5C7-DCA29E05F038}"
EndProject
Project("{FAE04EC0-301F-11D3-BF4B-00C04F79EFBC}") = "DevScope.CascadeLookup.Framework", "DevScope.CascadeLookup.Framework\DevScope.CascadeLookup.Framework.csproj", "{72DD1C50-34A8-4300-8978-134AF69B807C}"
EndProject
Global
	GlobalSection(TeamFoundationVersionControl) = preSolution
		SccNumberOfProjects = 4
		SccEnterpriseProvider = {4CA58AB2-18FA-4F8D-95D4-32DDF27D184C}
		SccTeamFoundationServer = https://team.devscope.net/tfs/projectscollection
		SccLocalPath0 = .
		SccProjectUniqueName1 = DevScope.CascadeLookup.Common\\DevScope.CascadeLookup.Common.csproj
		SccProjectName1 = DevScope.CascadeLookup.Common
		SccLocalPath1 = DevScope.CascadeLookup.Common
		SccProjectUniqueName2 = DevScope.CascadeLookup.Framework\\DevScope.CascadeLookup.Framework.csproj
		SccProjectName2 = DevScope.CascadeLookup.Framework
		SccLocalPath2 = DevScope.CascadeLookup.Framework
		SccProjectUniqueName3 = DevScope.CascadeLookup\\DevScope.CascadeLookup.csproj
		SccProjectName3 = DevScope.CascadeLookup
		SccLocalPath3 = DevScope.CascadeLookup
	EndGlobalSection
	GlobalSection(SolutionConfigurationPlatforms) = preSolution
		Debug|Any CPU = Debug|Any CPU
		Release|Any CPU = Release|Any CPU
	EndGlobalSection
	GlobalSection(ProjectConfigurationPlatforms) = postSolution
		{40851156-AF53-44CD-848B-2A0C2460687E}.Debug|Any CPU.ActiveCfg = Debug|Any CPU
		{40851156-AF53-44CD-848B-2A0C2460687E}.Debug|Any CPU.Build.0 = Debug|Any CPU
		{40851156-AF53-44CD-848B-2A0C2460687E}.Debug|Any CPU.Deploy.0 = Debug|Any CPU
		{40851156-AF53-44CD-848B-2A0C2460687E}.Release|Any CPU.ActiveCfg = Release|Any CPU
		{40851156-AF53-44CD-848B-2A0C2460687E}.Release|Any CPU.Build.0 = Release|Any CPU
		{40851156-AF53-44CD-848B-2A0C2460687E}.Release|Any CPU.Deploy.0 = Release|Any CPU
		{7E0CB571-C3A5-4898-B5C7-DCA29E05F038}.Debug|Any CPU.ActiveCfg = Debug|Any CPU
		{7E0CB571-C3A5-4898-B5C7-DCA29E05F038}.Debug|Any CPU.Build.0 = Debug|Any CPU
		{7E0CB571-C3A5-4898-B5C7-DCA29E05F038}.Release|Any CPU.ActiveCfg = Release|Any CPU
		{7E0CB571-C3A5-4898-B5C7-DCA29E05F038}.Release|Any CPU.Build.0 = Release|Any CPU
		{72DD1C50-34A8-4300-8978-134AF69B807C}.Debug|Any CPU.ActiveCfg = Debug|Any CPU
		{72DD1C50-34A8-4300-8978-134AF69B807C}.Debug|Any CPU.Build.0 = Debug|Any CPU
		{72DD1C50-34A8-4300-8978-134AF69B807C}.Release|Any CPU.ActiveCfg = Release|Any CPU
		{72DD1C50-34A8-4300-8978-134AF69B807C}.Release|Any CPU.Build.0 = Release|Any CPU
	EndGlobalSection
	GlobalSection(SolutionProperties) = preSolution
		HideSolutionNode = FALSE
	EndGlobalSection
EndGlobal
